
Microsoft Visual Studio Solution File, Format Version 12.00
# Visual Studio 15
VisualStudioVersion = 15.0.27703.2042
MinimumVisualStudioVersion = 10.0.40219.1
Project("{00D1A9C2-B5F0-4AF3-8072-F6C62B433612}") = "Database1", "Database1\Database1.sqlproj", "{C85341C9-8611-43CA-842A-138AB3C5D018}"
EndProject
Global
	GlobalSection(SolutionConfigurationPlatforms) = preSolution
		Debug|Any CPU = Debug|Any CPU
		Release|Any CPU = Release|Any CPU
	EndGlobalSection
	GlobalSection(ProjectConfigurationPlatforms) = postSolution
		{C85341C9-8611-43CA-842A-138AB3C5D018}.Debug|Any CPU.ActiveCfg = Debug|Any CPU
		{C85341C9-8611-43CA-842A-138AB3C5D018}.Debug|Any CPU.Build.0 = Debug|Any CPU
		{C85341C9-8611-43CA-842A-138AB3C5D018}.Debug|Any CPU.Deploy.0 = Debug|Any CPU
		{C85341C9-8611-43CA-842A-138AB3C5D018}.Release|Any CPU.ActiveCfg = Release|Any CPU
		{C85341C9-8611-43CA-842A-138AB3C5D018}.Release|Any CPU.Build.0 = Release|Any CPU
		{C85341C9-8611-43CA-842A-138AB3C5D018}.Release|Any CPU.Deploy.0 = Release|Any CPU
	EndGlobalSection
	GlobalSection(SolutionProperties) = preSolution
		HideSolutionNode = FALSE
	EndGlobalSection
	GlobalSection(ExtensibilityGlobals) = postSolution
		SolutionGuid = {B3F6C5D5-605A-4441-BC0A-03A8464029C3}
	EndGlobalSection
EndGlobal
